{
  "version": 4,
  "terraform_version": "1.5.4",
  "serial": 11,
  "lineage": "7ad9d0b7-0f12-ebc4-7163-4c2ecf534853",
  "outputs": {},
  "resources": [
    {
      "mode": "managed",
      "type": "github_branch_protection",
      "name": "develop",
      "provider": "provider[\"registry.terraform.io/integrations/github\"]",
      "instances": [
        {
          "schema_version": 1,
          "attributes": {
            "allows_deletions": false,
            "allows_force_pushes": false,
            "blocks_creations": false,
            "enforce_admins": false,
            "force_push_bypassers": null,
            "id": "BPR_kwDOKDvCwc4CZfIq",
            "lock_branch": false,
            "pattern": "develop",
            "push_restrictions": null,
            "repository_id": "github-terraform-task-YevheniiUstiuhov",
            "require_conversation_resolution": false,
            "require_signed_commits": false,
            "required_linear_history": false,
            "required_pull_request_reviews": [
              {
                "dismiss_stale_reviews": false,
                "dismissal_restrictions": null,
                "pull_request_bypassers": null,
                "require_code_owner_reviews": false,
                "require_last_push_approval": false,
                "required_approving_review_count": 2,
                "restrict_dismissals": false
              }
            ],
            "required_status_checks": []
          },
          "sensitive_attributes": [],
          "private": "eyJzY2hlbWFfdmVyc2lvbiI6IjEifQ=="
        }
      ]
    },
    {
      "mode": "managed",
      "type": "github_branch_protection",
      "name": "main",
      "provider": "provider[\"registry.terraform.io/integrations/github\"]",
      "instances": [
        {
          "schema_version": 1,
          "attributes": {
            "allows_deletions": false,
            "allows_force_pushes": false,
            "blocks_creations": false,
            "enforce_admins": false,
            "force_push_bypassers": null,
            "id": "BPR_kwDOKDvCwc4CZfIr",
            "lock_branch": false,
            "pattern": "main",
            "push_restrictions": null,
            "repository_id": "github-terraform-task-YevheniiUstiuhov",
            "require_conversation_resolution": false,
            "require_signed_commits": false,
            "required_linear_history": false,
            "required_pull_request_reviews": [
              {
                "dismiss_stale_reviews": false,
                "dismissal_restrictions": null,
                "pull_request_bypassers": null,
                "require_code_owner_reviews": true,
                "require_last_push_approval": false,
                "required_approving_review_count": 1,
                "restrict_dismissals": false
              }
            ],
            "required_status_checks": []
          },
          "sensitive_attributes": [],
          "private": "eyJzY2hlbWFfdmVyc2lvbiI6IjEifQ=="
        }
      ]
    },
    {
      "mode": "managed",
      "type": "github_repository",
      "name": "github-terraform-task-YevheniiUstiuhov",
      "provider": "provider[\"registry.terraform.io/integrations/github\"]",
      "instances": [
        {
          "schema_version": 1,
          "attributes": {
            "allow_auto_merge": false,
            "allow_merge_commit": true,
            "allow_rebase_merge": true,
            "allow_squash_merge": true,
            "allow_update_branch": false,
            "archive_on_destroy": null,
            "archived": false,
            "auto_init": true,
            "default_branch": "main",
            "delete_branch_on_merge": false,
            "description": "1",
            "etag": "W/\"622ebe7e3bacfd3ce885ad596ddfa45e54537968f146b19f451357aff7dfadd5\"",
            "full_name": "YevheniiUstiuhov/github-terraform-task-YevheniiUstiuhov",
            "git_clone_url": "git://github.com/YevheniiUstiuhov/github-terraform-task-YevheniiUstiuhov.git",
            "gitignore_template": null,
            "has_discussions": false,
            "has_downloads": false,
            "has_issues": false,
            "has_projects": false,
            "has_wiki": false,
            "homepage_url": "",
            "html_url": "https://github.com/YevheniiUstiuhov/github-terraform-task-YevheniiUstiuhov",
            "http_clone_url": "https://github.com/YevheniiUstiuhov/github-terraform-task-YevheniiUstiuhov.git",
            "id": "github-terraform-task-YevheniiUstiuhov",
            "ignore_vulnerability_alerts_during_read": null,
            "is_template": false,
            "license_template": null,
            "merge_commit_message": "PR_TITLE",
            "merge_commit_title": "MERGE_MESSAGE",
            "name": "github-terraform-task-YevheniiUstiuhov",
            "node_id": "R_kgDOKDvCwQ",
            "pages": [],
            "private": false,
            "repo_id": 675005121,
            "security_and_analysis": [
              {
                "advanced_security": [],
                "secret_scanning": [
                  {
                    "status": "disabled"
                  }
                ],
                "secret_scanning_push_protection": [
                  {
                    "status": "disabled"
                  }
                ]
              }
            ],
            "squash_merge_commit_message": "COMMIT_MESSAGES",
            "squash_merge_commit_title": "COMMIT_OR_PR_TITLE",
            "ssh_clone_url": "git@github.com:YevheniiUstiuhov/github-terraform-task-YevheniiUstiuhov.git",
            "svn_url": "https://github.com/YevheniiUstiuhov/github-terraform-task-YevheniiUstiuhov",
            "template": [],
            "topics": null,
            "visibility": "public",
            "vulnerability_alerts": false
          },
          "sensitive_attributes": [],
          "private": "eyJzY2hlbWFfdmVyc2lvbiI6IjEifQ=="
        }
      ]
    },
    {
      "mode": "managed",
      "type": "github_repository_file",
      "name": "codeowners",
      "provider": "provider[\"registry.terraform.io/integrations/github\"]",
      "instances": [
        {
          "schema_version": 0,
          "attributes": {
            "branch": null,
            "commit_author": null,
            "commit_email": null,
            "commit_message": "Add CODEOWNERS",
            "commit_sha": "d93a960fbb6978f35608a13703841c23e2c4f852",
            "content": "main/* @softservedata\n",
            "file": "CODEOWNERS",
            "id": "github-terraform-task-YevheniiUstiuhov/CODEOWNERS",
            "overwrite_on_create": false,
            "ref": "main",
            "repository": "github-terraform-task-YevheniiUstiuhov",
            "sha": "9ebcff2c09f9a76bffd7081884aa9a7f0970af8f"
          },
          "sensitive_attributes": [],
          "private": "bnVsbA=="
        }
      ]
    },
    {
      "mode": "managed",
      "type": "github_repository_file",
      "name": "pull_request_template",
      "provider": "provider[\"registry.terraform.io/integrations/github\"]",
      "instances": [
        {
          "schema_version": 0,
          "attributes": {
            "branch": null,
            "commit_author": null,
            "commit_email": null,
            "commit_message": "Add .github/pull_request_template.md",
            "commit_sha": "64dd9271c6b5f07094984f873222db1aaa891331",
            "content": "Describe your changes\r\n\r\nIssue ticket number and link\r\n\r\nChecklist before requesting a review\r\n- [ ] I have performed a self-review of my code\r\n- [ ] If it is a core feature, I have added thorough tests\r\n- [ ] Do we need to implement analytics?\r\n- [ ] Will this be part of a product update? If yes, please write one phrase about this update\r\n",
            "file": ".github/pull_request_template.md",
            "id": "github-terraform-task-YevheniiUstiuhov/.github/pull_request_template.md",
            "overwrite_on_create": false,
            "ref": "main",
            "repository": "github-terraform-task-YevheniiUstiuhov",
            "sha": "a60a08dbc064fce713e57a04f3102c934e4abab4"
          },
          "sensitive_attributes": [],
          "private": "bnVsbA==",
          "dependencies": [
            "github_repository.github-terraform-task-YevheniiUstiuhov"
          ]
        }
      ]
    }
  ],
  "check_results": null
}
